
Microsoft Visual Studio Solution File, Format Version 12.00
# Visual Studio Version 17
VisualStudioVersion = 17.0.32014.148
MinimumVisualStudioVersion = 10.0.40219.1
Project("{FAE04EC0-301F-11D3-BF4B-00C04F79EFBC}") = "Inta.EntityFramework.Core", "Inta.EntityFramework.Core\Inta.EntityFramework.Core.csproj", "{744C8FCA-C39B-488B-B7ED-64EDFA39333F}"
EndProject
Project("{2150E333-8FDC-42A3-9474-1A3956D46DE8}") = "Common", "Common", "{E9F53795-A64C-46B4-80A9-BAA5D964934F}"
EndProject
Project("{FAE04EC0-301F-11D3-BF4B-00C04F79EFBC}") = "Inta.Framework.Logging", "Inta.Framework.Logging\Inta.Framework.Logging.csproj", "{D51DC364-1CB0-469A-8CF3-ECCAFFD58BE9}"
EndProject
Global
	GlobalSection(SolutionConfigurationPlatforms) = preSolution
		Debug|Any CPU = Debug|Any CPU
		Release|Any CPU = Release|Any CPU
	EndGlobalSection
	GlobalSection(ProjectConfigurationPlatforms) = postSolution
		{744C8FCA-C39B-488B-B7ED-64EDFA39333F}.Debug|Any CPU.ActiveCfg = Debug|Any CPU
		{744C8FCA-C39B-488B-B7ED-64EDFA39333F}.Debug|Any CPU.Build.0 = Debug|Any CPU
		{744C8FCA-C39B-488B-B7ED-64EDFA39333F}.Release|Any CPU.ActiveCfg = Release|Any CPU
		{744C8FCA-C39B-488B-B7ED-64EDFA39333F}.Release|Any CPU.Build.0 = Release|Any CPU
		{D51DC364-1CB0-469A-8CF3-ECCAFFD58BE9}.Debug|Any CPU.ActiveCfg = Debug|Any CPU
		{D51DC364-1CB0-469A-8CF3-ECCAFFD58BE9}.Debug|Any CPU.Build.0 = Debug|Any CPU
		{D51DC364-1CB0-469A-8CF3-ECCAFFD58BE9}.Release|Any CPU.ActiveCfg = Release|Any CPU
		{D51DC364-1CB0-469A-8CF3-ECCAFFD58BE9}.Release|Any CPU.Build.0 = Release|Any CPU
	EndGlobalSection
	GlobalSection(SolutionProperties) = preSolution
		HideSolutionNode = FALSE
	EndGlobalSection
	GlobalSection(NestedProjects) = preSolution
		{744C8FCA-C39B-488B-B7ED-64EDFA39333F} = {E9F53795-A64C-46B4-80A9-BAA5D964934F}
		{D51DC364-1CB0-469A-8CF3-ECCAFFD58BE9} = {E9F53795-A64C-46B4-80A9-BAA5D964934F}
	EndGlobalSection
	GlobalSection(ExtensibilityGlobals) = postSolution
		SolutionGuid = {925AFE5D-09CA-43CB-8849-3218E7AC8F7B}
	EndGlobalSection
EndGlobal
